// !$*UTF8*$!
{
	archiveVersion = 1;
	classes = {
	};
	objectVersion = 46;
	objects = {

/* Begin PBXBuildFile section */
		002CA0B31E659320001215B4 /* Popup.swift in Sources */ = {isa = PBXBuildFile; fileRef = 002CA0B21E659320001215B4 /* Popup.swift */; };
		003116211E6844AE00B53250 /* Mission.swift in Sources */ = {isa = PBXBuildFile; fileRef = 003116201E6844AE00B53250 /* Mission.swift */; };
		0055497D1DE5AE3B00D5ED83 /* StartScreenScene.swift in Sources */ = {isa = PBXBuildFile; fileRef = 0055497C1DE5AE3B00D5ED83 /* StartScreenScene.swift */; };
		0065891F1E76E8E1008E9EC9 /* Riffic.ttf in Resources */ = {isa = PBXBuildFile; fileRef = 0065891E1E76E819008E9EC9 /* Riffic.ttf */; };
		0072AD471E55CBB400524F85 /* Platform.swift in Sources */ = {isa = PBXBuildFile; fileRef = 0072AD461E55CBB400524F85 /* Platform.swift */; };
		00FA92D61DF81D70003B3CA8 /* Checkpoint.swift in Sources */ = {isa = PBXBuildFile; fileRef = 00FA92D51DF81D70003B3CA8 /* Checkpoint.swift */; };
		2D0116281DD1FE8E00324B9C /* AppDelegate.swift in Sources */ = {isa = PBXBuildFile; fileRef = 2D0116271DD1FE8E00324B9C /* AppDelegate.swift */; };
		2D01162E1DD1FE8E00324B9C /* CityScreenScene.swift in Sources */ = {isa = PBXBuildFile; fileRef = 2D01162D1DD1FE8E00324B9C /* CityScreenScene.swift */; };
		2D0116301DD1FE8E00324B9C /* GameViewController.swift in Sources */ = {isa = PBXBuildFile; fileRef = 2D01162F1DD1FE8E00324B9C /* GameViewController.swift */; };
		2D0116351DD1FE8E00324B9C /* Assets.xcassets in Resources */ = {isa = PBXBuildFile; fileRef = 2D0116341DD1FE8E00324B9C /* Assets.xcassets */; };
		2D0116381DD1FE8E00324B9C /* LaunchScreen.storyboard in Resources */ = {isa = PBXBuildFile; fileRef = 2D0116361DD1FE8E00324B9C /* LaunchScreen.storyboard */; };
		2D0116431DD1FE8E00324B9C /* codeKlojoTests.swift in Sources */ = {isa = PBXBuildFile; fileRef = 2D0116421DD1FE8E00324B9C /* codeKlojoTests.swift */; };
		2D1A64471DFED54300433AEB /* MissionScreenScene.swift in Sources */ = {isa = PBXBuildFile; fileRef = 2D1A64461DFED54300433AEB /* MissionScreenScene.swift */; };
		2D1A64491DFEDCB600433AEB /* Global.swift in Sources */ = {isa = PBXBuildFile; fileRef = 2D1A64481DFEDCB600433AEB /* Global.swift */; };
		2D337F021DD9D10900F4AFE7 /* Responsive.swift in Sources */ = {isa = PBXBuildFile; fileRef = 2D337F011DD9D10900F4AFE7 /* Responsive.swift */; };
		2D43553A1E0163A200ACDEAF /* MissionLevel.swift in Sources */ = {isa = PBXBuildFile; fileRef = 2D4355391E0163A200ACDEAF /* MissionLevel.swift */; };
		2D43553D1E0168D700ACDEAF /* chubby-cat.wav in Resources */ = {isa = PBXBuildFile; fileRef = 2D43553C1E0168D700ACDEAF /* chubby-cat.wav */; };
		2D43553F1E016D4100ACDEAF /* blob-tales.wav in Resources */ = {isa = PBXBuildFile; fileRef = 2D43553E1E016D4100ACDEAF /* blob-tales.wav */; };
		2D4355411E017D2E00ACDEAF /* jump.wav in Resources */ = {isa = PBXBuildFile; fileRef = 2D4355401E017D2E00ACDEAF /* jump.wav */; };
		2D4355431E01819400ACDEAF /* find-the-exit.wav in Resources */ = {isa = PBXBuildFile; fileRef = 2D4355421E01819400ACDEAF /* find-the-exit.wav */; };
		2D4355451E018D7B00ACDEAF /* MenuButtons.swift in Sources */ = {isa = PBXBuildFile; fileRef = 2D4355441E018D7B00ACDEAF /* MenuButtons.swift */; };
		2D503F351DE5AE06007B8EB8 /* Player.swift in Sources */ = {isa = PBXBuildFile; fileRef = 2D503F341DE5AE06007B8EB8 /* Player.swift */; };
		2D503F391DE5B6C3007B8EB8 /* GameOverScreenScene.swift in Sources */ = {isa = PBXBuildFile; fileRef = 2D503F381DE5B6C3007B8EB8 /* GameOverScreenScene.swift */; };
		2D503F3F1DE5BF03007B8EB8 /* GameSceneManager.swift in Sources */ = {isa = PBXBuildFile; fileRef = 2D503F3E1DE5BF03007B8EB8 /* GameSceneManager.swift */; };
		2D5E7CBC1DD46D2700B5116E /* Character.swift in Sources */ = {isa = PBXBuildFile; fileRef = 2D5E7CBB1DD46D2700B5116E /* Character.swift */; };
		2D5E7CBE1DD470CC00B5116E /* ControllerButtons.swift in Sources */ = {isa = PBXBuildFile; fileRef = 2D5E7CBD1DD470CC00B5116E /* ControllerButtons.swift */; };
		2D5E7CC31DD4820200B5116E /* Background.swift in Sources */ = {isa = PBXBuildFile; fileRef = 2D5E7CC21DD4820200B5116E /* Background.swift */; };
		2D8A627A1DDC96F100458D4F /* movement.atlas in Resources */ = {isa = PBXBuildFile; fileRef = 2D8A62791DDC96F100458D4F /* movement.atlas */; };
		2DB7F1031DD9E64000AACB19 /* CityLevel.swift in Sources */ = {isa = PBXBuildFile; fileRef = 2DB7F1021DD9E64000AACB19 /* CityLevel.swift */; };
		2DE706881E00985500AAB222 /* Glass_TTY_VT220.ttf in Resources */ = {isa = PBXBuildFile; fileRef = 2DE706871E00706800AAB222 /* Glass_TTY_VT220.ttf */; };
		2DE7068A1E0099F600AAB222 /* Enemy.swift in Sources */ = {isa = PBXBuildFile; fileRef = 2DE706891E0099F600AAB222 /* Enemy.swift */; };
		2DE706911E0158B700AAB222 /* SoundEngine.swift in Sources */ = {isa = PBXBuildFile; fileRef = 2DE706901E0158B700AAB222 /* SoundEngine.swift */; };
		2DE706931E01595000AAB222 /* Buttons.swift in Sources */ = {isa = PBXBuildFile; fileRef = 2DE706921E01595000AAB222 /* Buttons.swift */; };
		2DE706971E015BF800AAB222 /* Main.storyboard in Resources */ = {isa = PBXBuildFile; fileRef = 2DE706961E015BF800AAB222 /* Main.storyboard */; };
		2DE706991E01610D00AAB222 /* Border.swift in Sources */ = {isa = PBXBuildFile; fileRef = 2DE706981E01610D00AAB222 /* Border.swift */; };
		2DEC6A6F1E2E3EB100F89FF6 /* Bullet.swift in Sources */ = {isa = PBXBuildFile; fileRef = 2DEC6A6E1E2E3EB100F89FF6 /* Bullet.swift */; };
		2DEC6A711E30EAD600F89FF6 /* Clouds.swift in Sources */ = {isa = PBXBuildFile; fileRef = 2DEC6A701E30EAD600F89FF6 /* Clouds.swift */; };
/* End PBXBuildFile section */

/* Begin PBXContainerItemProxy section */
		2D01163F1DD1FE8E00324B9C /* PBXContainerItemProxy */ = {
			isa = PBXContainerItemProxy;
			containerPortal = 2D01161C1DD1FE8E00324B9C /* Project object */;
			proxyType = 1;
			remoteGlobalIDString = 2D0116231DD1FE8E00324B9C;
			remoteInfo = codeKlojo;
		};
/* End PBXContainerItemProxy section */

/* Begin PBXFileReference section */
		002CA0B21E659320001215B4 /* Popup.swift */ = {isa = PBXFileReference; fileEncoding = 4; lastKnownFileType = sourcecode.swift; path = Popup.swift; sourceTree = "<group>"; };
		003116201E6844AE00B53250 /* Mission.swift */ = {isa = PBXFileReference; fileEncoding = 4; lastKnownFileType = sourcecode.swift; path = Mission.swift; sourceTree = "<group>"; };
		0055497C1DE5AE3B00D5ED83 /* StartScreenScene.swift */ = {isa = PBXFileReference; fileEncoding = 4; lastKnownFileType = sourcecode.swift; path = StartScreenScene.swift; sourceTree = "<group>"; };
		0065891E1E76E819008E9EC9 /* Riffic.ttf */ = {isa = PBXFileReference; lastKnownFileType = file; path = Riffic.ttf; sourceTree = "<group>"; };
		0072AD461E55CBB400524F85 /* Platform.swift */ = {isa = PBXFileReference; fileEncoding = 4; lastKnownFileType = sourcecode.swift; path = Platform.swift; sourceTree = "<group>"; };
		00FA92D51DF81D70003B3CA8 /* Checkpoint.swift */ = {isa = PBXFileReference; fileEncoding = 4; lastKnownFileType = sourcecode.swift; path = Checkpoint.swift; sourceTree = "<group>"; };
		2D0116241DD1FE8E00324B9C /* codeKlojo.app */ = {isa = PBXFileReference; explicitFileType = wrapper.application; includeInIndex = 0; path = codeKlojo.app; sourceTree = BUILT_PRODUCTS_DIR; };
		2D0116271DD1FE8E00324B9C /* AppDelegate.swift */ = {isa = PBXFileReference; lastKnownFileType = sourcecode.swift; path = AppDelegate.swift; sourceTree = "<group>"; };
		2D01162D1DD1FE8E00324B9C /* CityScreenScene.swift */ = {isa = PBXFileReference; lastKnownFileType = sourcecode.swift; path = CityScreenScene.swift; sourceTree = "<group>"; };
		2D01162F1DD1FE8E00324B9C /* GameViewController.swift */ = {isa = PBXFileReference; lastKnownFileType = sourcecode.swift; path = GameViewController.swift; sourceTree = "<group>"; };
		2D0116341DD1FE8E00324B9C /* Assets.xcassets */ = {isa = PBXFileReference; lastKnownFileType = folder.assetcatalog; path = Assets.xcassets; sourceTree = "<group>"; };
		2D0116371DD1FE8E00324B9C /* Base */ = {isa = PBXFileReference; lastKnownFileType = file.storyboard; name = Base; path = Base.lproj/LaunchScreen.storyboard; sourceTree = "<group>"; };
		2D0116391DD1FE8E00324B9C /* Info.plist */ = {isa = PBXFileReference; lastKnownFileType = text.plist.xml; path = Info.plist; sourceTree = "<group>"; };
		2D01163E1DD1FE8E00324B9C /* codeKlojoTests.xctest */ = {isa = PBXFileReference; explicitFileType = wrapper.cfbundle; includeInIndex = 0; path = codeKlojoTests.xctest; sourceTree = BUILT_PRODUCTS_DIR; };
		2D0116421DD1FE8E00324B9C /* codeKlojoTests.swift */ = {isa = PBXFileReference; lastKnownFileType = sourcecode.swift; path = codeKlojoTests.swift; sourceTree = "<group>"; };
		2D0116441DD1FE8E00324B9C /* Info.plist */ = {isa = PBXFileReference; lastKnownFileType = text.plist.xml; path = Info.plist; sourceTree = "<group>"; };
		2D1A64461DFED54300433AEB /* MissionScreenScene.swift */ = {isa = PBXFileReference; fileEncoding = 4; lastKnownFileType = sourcecode.swift; path = MissionScreenScene.swift; sourceTree = "<group>"; };
		2D1A64481DFEDCB600433AEB /* Global.swift */ = {isa = PBXFileReference; fileEncoding = 4; lastKnownFileType = sourcecode.swift; path = Global.swift; sourceTree = "<group>"; };
		2D337F011DD9D10900F4AFE7 /* Responsive.swift */ = {isa = PBXFileReference; fileEncoding = 4; lastKnownFileType = sourcecode.swift; path = Responsive.swift; sourceTree = "<group>"; };
		2D4355391E0163A200ACDEAF /* MissionLevel.swift */ = {isa = PBXFileReference; fileEncoding = 4; lastKnownFileType = sourcecode.swift; path = MissionLevel.swift; sourceTree = "<group>"; };
		2D43553C1E0168D700ACDEAF /* chubby-cat.wav */ = {isa = PBXFileReference; lastKnownFileType = audio.wav; path = "chubby-cat.wav"; sourceTree = "<group>"; };
		2D43553E1E016D4100ACDEAF /* blob-tales.wav */ = {isa = PBXFileReference; lastKnownFileType = audio.wav; path = "blob-tales.wav"; sourceTree = "<group>"; };
		2D4355401E017D2E00ACDEAF /* jump.wav */ = {isa = PBXFileReference; lastKnownFileType = audio.wav; path = jump.wav; sourceTree = "<group>"; };
		2D4355421E01819400ACDEAF /* find-the-exit.wav */ = {isa = PBXFileReference; lastKnownFileType = audio.wav; path = "find-the-exit.wav"; sourceTree = "<group>"; };
		2D4355441E018D7B00ACDEAF /* MenuButtons.swift */ = {isa = PBXFileReference; fileEncoding = 4; lastKnownFileType = sourcecode.swift; path = MenuButtons.swift; sourceTree = "<group>"; };
		2D503F341DE5AE06007B8EB8 /* Player.swift */ = {isa = PBXFileReference; fileEncoding = 4; lastKnownFileType = sourcecode.swift; path = Player.swift; sourceTree = "<group>"; };
		2D503F381DE5B6C3007B8EB8 /* GameOverScreenScene.swift */ = {isa = PBXFileReference; fileEncoding = 4; lastKnownFileType = sourcecode.swift; path = GameOverScreenScene.swift; sourceTree = "<group>"; };
		2D503F3E1DE5BF03007B8EB8 /* GameSceneManager.swift */ = {isa = PBXFileReference; fileEncoding = 4; lastKnownFileType = sourcecode.swift; path = GameSceneManager.swift; sourceTree = "<group>"; };
		2D5E7CBB1DD46D2700B5116E /* Character.swift */ = {isa = PBXFileReference; fileEncoding = 4; lastKnownFileType = sourcecode.swift; path = Character.swift; sourceTree = "<group>"; };
		2D5E7CBD1DD470CC00B5116E /* ControllerButtons.swift */ = {isa = PBXFileReference; fileEncoding = 4; lastKnownFileType = sourcecode.swift; path = ControllerButtons.swift; sourceTree = "<group>"; };
		2D5E7CC21DD4820200B5116E /* Background.swift */ = {isa = PBXFileReference; fileEncoding = 4; lastKnownFileType = sourcecode.swift; path = Background.swift; sourceTree = "<group>"; };
		2D8A62791DDC96F100458D4F /* movement.atlas */ = {isa = PBXFileReference; lastKnownFileType = folder.skatlas; path = movement.atlas; sourceTree = "<group>"; };
		2DB7F1021DD9E64000AACB19 /* CityLevel.swift */ = {isa = PBXFileReference; fileEncoding = 4; lastKnownFileType = sourcecode.swift; path = CityLevel.swift; sourceTree = "<group>"; };
		2DE706871E00706800AAB222 /* Glass_TTY_VT220.ttf */ = {isa = PBXFileReference; lastKnownFileType = file; path = Glass_TTY_VT220.ttf; sourceTree = "<group>"; };
		2DE706891E0099F600AAB222 /* Enemy.swift */ = {isa = PBXFileReference; fileEncoding = 4; lastKnownFileType = sourcecode.swift; path = Enemy.swift; sourceTree = "<group>"; };
		2DE706901E0158B700AAB222 /* SoundEngine.swift */ = {isa = PBXFileReference; fileEncoding = 4; lastKnownFileType = sourcecode.swift; path = SoundEngine.swift; sourceTree = "<group>"; };
		2DE706921E01595000AAB222 /* Buttons.swift */ = {isa = PBXFileReference; fileEncoding = 4; lastKnownFileType = sourcecode.swift; path = Buttons.swift; sourceTree = "<group>"; };
		2DE706961E015BF800AAB222 /* Main.storyboard */ = {isa = PBXFileReference; fileEncoding = 4; lastKnownFileType = file.storyboard; path = Main.storyboard; sourceTree = "<group>"; };
		2DE706981E01610D00AAB222 /* Border.swift */ = {isa = PBXFileReference; fileEncoding = 4; lastKnownFileType = sourcecode.swift; path = Border.swift; sourceTree = "<group>"; };
		2DEC6A6E1E2E3EB100F89FF6 /* Bullet.swift */ = {isa = PBXFileReference; fileEncoding = 4; lastKnownFileType = sourcecode.swift; path = Bullet.swift; sourceTree = "<group>"; };
		2DEC6A701E30EAD600F89FF6 /* Clouds.swift */ = {isa = PBXFileReference; fileEncoding = 4; lastKnownFileType = sourcecode.swift; path = Clouds.swift; sourceTree = "<group>"; };
/* End PBXFileReference section */

/* Begin PBXFrameworksBuildPhase section */
		2D0116211DD1FE8E00324B9C /* Frameworks */ = {
			isa = PBXFrameworksBuildPhase;
			buildActionMask = 2147483647;
			files = (
			);
			runOnlyForDeploymentPostprocessing = 0;
		};
		2D01163B1DD1FE8E00324B9C /* Frameworks */ = {
			isa = PBXFrameworksBuildPhase;
			buildActionMask = 2147483647;
			files = (
			);
			runOnlyForDeploymentPostprocessing = 0;
		};
/* End PBXFrameworksBuildPhase section */

/* Begin PBXGroup section */
		2D01161B1DD1FE8E00324B9C = {
			isa = PBXGroup;
			children = (
				2D0116251DD1FE8E00324B9C /* Products */,
				2D0116261DD1FE8E00324B9C /* codeKlojo */,
				2D0116411DD1FE8E00324B9C /* codeKlojoTests */,
			);
			sourceTree = "<group>";
		};
		2D0116251DD1FE8E00324B9C /* Products */ = {
			isa = PBXGroup;
			children = (
				2D0116241DD1FE8E00324B9C /* codeKlojo.app */,
				2D01163E1DD1FE8E00324B9C /* codeKlojoTests.xctest */,
			);
			name = Products;
			sourceTree = "<group>";
		};
		2D0116261DD1FE8E00324B9C /* codeKlojo */ = {
			isa = PBXGroup;
			children = (
				2DE706941E0159BB00AAB222 /* Assets */,
				2D5E7CC11DD481E000B5116E /* Classes */,
				2D503F361DE5B5AD007B8EB8 /* Scenes */,
				2DE7068B1E01576800AAB222 /* Structures */,
				2D503F371DE5B5CD007B8EB8 /* ViewControllers */,
				2D0116271DD1FE8E00324B9C /* AppDelegate.swift */,
				2D0116391DD1FE8E00324B9C /* Info.plist */,
				2D0116361DD1FE8E00324B9C /* LaunchScreen.storyboard */,
			);
			path = codeKlojo;
			sourceTree = "<group>";
		};
		2D0116411DD1FE8E00324B9C /* codeKlojoTests */ = {
			isa = PBXGroup;
			children = (
				2D0116441DD1FE8E00324B9C /* Info.plist */,
				2D0116421DD1FE8E00324B9C /* codeKlojoTests.swift */,
			);
			path = codeKlojoTests;
			sourceTree = "<group>";
		};
		2D4355381E01638200ACDEAF /* Mission */ = {
			isa = PBXGroup;
			children = (
				2D4355391E0163A200ACDEAF /* MissionLevel.swift */,
				002CA0B21E659320001215B4 /* Popup.swift */,
				003116201E6844AE00B53250 /* Mission.swift */,
			);
			name = Mission;
			path = MissionScreen;
			sourceTree = "<group>";
		};
		2D43553B1E01666E00ACDEAF /* Sounds */ = {
			isa = PBXGroup;
			children = (
				2D43553E1E016D4100ACDEAF /* blob-tales.wav */,
				2D43553C1E0168D700ACDEAF /* chubby-cat.wav */,
				2D4355421E01819400ACDEAF /* find-the-exit.wav */,
				2D4355401E017D2E00ACDEAF /* jump.wav */,
			);
			path = Sounds;
			sourceTree = "<group>";
		};
		2D503F361DE5B5AD007B8EB8 /* Scenes */ = {
			isa = PBXGroup;
			children = (
				2D01162D1DD1FE8E00324B9C /* CityScreenScene.swift */,
				2D503F381DE5B6C3007B8EB8 /* GameOverScreenScene.swift */,
				2D1A64461DFED54300433AEB /* MissionScreenScene.swift */,
				0055497C1DE5AE3B00D5ED83 /* StartScreenScene.swift */,
			);
			path = Scenes;
			sourceTree = "<group>";
		};
		2D503F371DE5B5CD007B8EB8 /* ViewControllers */ = {
			isa = PBXGroup;
			children = (
				2D01162F1DD1FE8E00324B9C /* GameViewController.swift */,
			);
			path = ViewControllers;
			sourceTree = "<group>";
		};
		2D5E7CC11DD481E000B5116E /* Classes */ = {
			isa = PBXGroup;
			children = (
				2DE7068F1E01588E00AAB222 /* Buttons */,
				2DE7068D1E01583F00AAB222 /* Character */,
				2DE7068E1E01587A00AAB222 /* CityScreen */,
				2DE7068C1E0157EA00AAB222 /* Global Classes */,
				2D4355381E01638200ACDEAF /* Mission */,
			);
			path = Classes;
			sourceTree = "<group>";
		};
		2DE7068B1E01576800AAB222 /* Structures */ = {
			isa = PBXGroup;
			children = (
				2D1A64481DFEDCB600433AEB /* Global.swift */,
				2D337F011DD9D10900F4AFE7 /* Responsive.swift */,
			);
			path = Structures;
			sourceTree = "<group>";
		};
		2DE7068C1E0157EA00AAB222 /* Global Classes */ = {
			isa = PBXGroup;
			children = (
				2D5E7CC21DD4820200B5116E /* Background.swift */,
				2D503F3E1DE5BF03007B8EB8 /* GameSceneManager.swift */,
				2DE706901E0158B700AAB222 /* SoundEngine.swift */,
			);
			path = "Global Classes";
			sourceTree = "<group>";
		};
		2DE7068D1E01583F00AAB222 /* Character */ = {
			isa = PBXGroup;
			children = (
				2D5E7CBB1DD46D2700B5116E /* Character.swift */,
				2DE706891E0099F600AAB222 /* Enemy.swift */,
				2D503F341DE5AE06007B8EB8 /* Player.swift */,
				2DEC6A6E1E2E3EB100F89FF6 /* Bullet.swift */,
			);
			path = Character;
			sourceTree = "<group>";
		};
		2DE7068E1E01587A00AAB222 /* CityScreen */ = {
			isa = PBXGroup;
			children = (
				2DE706981E01610D00AAB222 /* Border.swift */,
				00FA92D51DF81D70003B3CA8 /* Checkpoint.swift */,
				2DB7F1021DD9E64000AACB19 /* CityLevel.swift */,
				2DEC6A701E30EAD600F89FF6 /* Clouds.swift */,
				0072AD461E55CBB400524F85 /* Platform.swift */,
			);
			path = CityScreen;
			sourceTree = "<group>";
		};
		2DE7068F1E01588E00AAB222 /* Buttons */ = {
			isa = PBXGroup;
			children = (
				2DE706921E01595000AAB222 /* Buttons.swift */,
				2D4355441E018D7B00ACDEAF /* MenuButtons.swift */,
				2D5E7CBD1DD470CC00B5116E /* ControllerButtons.swift */,
			);
			path = Buttons;
			sourceTree = "<group>";
		};
		2DE706941E0159BB00AAB222 /* Assets */ = {
			isa = PBXGroup;
			children = (
				2DE706951E0159C100AAB222 /* Fonts */,
				2D43553B1E01666E00ACDEAF /* Sounds */,
				2D0116341DD1FE8E00324B9C /* Assets.xcassets */,
				2DE706961E015BF800AAB222 /* Main.storyboard */,
				2D8A62791DDC96F100458D4F /* movement.atlas */,
			);
			path = Assets;
			sourceTree = "<group>";
		};
		2DE706951E0159C100AAB222 /* Fonts */ = {
			isa = PBXGroup;
			children = (
				0065891E1E76E819008E9EC9 /* Riffic.ttf */,
				2DE706871E00706800AAB222 /* Glass_TTY_VT220.ttf */,
			);
			path = Fonts;
			sourceTree = "<group>";
		};
/* End PBXGroup section */

/* Begin PBXNativeTarget section */
		2D0116231DD1FE8E00324B9C /* codeKlojo */ = {
			isa = PBXNativeTarget;
			buildConfigurationList = 2D0116471DD1FE8E00324B9C /* Build configuration list for PBXNativeTarget "codeKlojo" */;
			buildPhases = (
				2D0116201DD1FE8E00324B9C /* Sources */,
				2D0116211DD1FE8E00324B9C /* Frameworks */,
				2D0116221DD1FE8E00324B9C /* Resources */,
			);
			buildRules = (
			);
			dependencies = (
			);
			name = codeKlojo;
			productName = codeKlojo;
			productReference = 2D0116241DD1FE8E00324B9C /* codeKlojo.app */;
			productType = "com.apple.product-type.application";
		};
		2D01163D1DD1FE8E00324B9C /* codeKlojoTests */ = {
			isa = PBXNativeTarget;
			buildConfigurationList = 2D01164A1DD1FE8E00324B9C /* Build configuration list for PBXNativeTarget "codeKlojoTests" */;
			buildPhases = (
				2D01163A1DD1FE8E00324B9C /* Sources */,
				2D01163B1DD1FE8E00324B9C /* Frameworks */,
				2D01163C1DD1FE8E00324B9C /* Resources */,
			);
			buildRules = (
			);
			dependencies = (
				2D0116401DD1FE8E00324B9C /* PBXTargetDependency */,
			);
			name = codeKlojoTests;
			productName = codeKlojoTests;
			productReference = 2D01163E1DD1FE8E00324B9C /* codeKlojoTests.xctest */;
			productType = "com.apple.product-type.bundle.unit-test";
		};
/* End PBXNativeTarget section */

/* Begin PBXProject section */
		2D01161C1DD1FE8E00324B9C /* Project object */ = {
			isa = PBXProject;
			attributes = {
				LastSwiftUpdateCheck = 0810;
				LastUpgradeCheck = 0820;
				ORGANIZATIONNAME = "Tim Bartels";
				TargetAttributes = {
					2D0116231DD1FE8E00324B9C = {
						CreatedOnToolsVersion = 8.1;
						ProvisioningStyle = Automatic;
					};
					2D01163D1DD1FE8E00324B9C = {
						CreatedOnToolsVersion = 8.1;
						ProvisioningStyle = Automatic;
						TestTargetID = 2D0116231DD1FE8E00324B9C;
					};
				};
			};
			buildConfigurationList = 2D01161F1DD1FE8E00324B9C /* Build configuration list for PBXProject "codeKlojo" */;
			compatibilityVersion = "Xcode 3.2";
			developmentRegion = English;
			hasScannedForEncodings = 0;
			knownRegions = (
				en,
				Base,
			);
			mainGroup = 2D01161B1DD1FE8E00324B9C;
			productRefGroup = 2D0116251DD1FE8E00324B9C /* Products */;
			projectDirPath = "";
			projectRoot = "";
			targets = (
				2D0116231DD1FE8E00324B9C /* codeKlojo */,
				2D01163D1DD1FE8E00324B9C /* codeKlojoTests */,
			);
		};
/* End PBXProject section */

/* Begin PBXResourcesBuildPhase section */
		2D0116221DD1FE8E00324B9C /* Resources */ = {
			isa = PBXResourcesBuildPhase;
			buildActionMask = 2147483647;
			files = (
				2D4355431E01819400ACDEAF /* find-the-exit.wav in Resources */,
				2D43553F1E016D4100ACDEAF /* blob-tales.wav in Resources */,
				2D8A627A1DDC96F100458D4F /* movement.atlas in Resources */,
				0065891F1E76E8E1008E9EC9 /* Riffic.ttf in Resources */,
				2D43553D1E0168D700ACDEAF /* chubby-cat.wav in Resources */,
				2DE706971E015BF800AAB222 /* Main.storyboard in Resources */,
				2D4355411E017D2E00ACDEAF /* jump.wav in Resources */,
				2DE706881E00985500AAB222 /* Glass_TTY_VT220.ttf in Resources */,
				2D0116351DD1FE8E00324B9C /* Assets.xcassets in Resources */,
				2D0116381DD1FE8E00324B9C /* LaunchScreen.storyboard in Resources */,
			);
			runOnlyForDeploymentPostprocessing = 0;
		};
		2D01163C1DD1FE8E00324B9C /* Resources */ = {
			isa = PBXResourcesBuildPhase;
			buildActionMask = 2147483647;
			files = (
			);
			runOnlyForDeploymentPostprocessing = 0;
		};
/* End PBXResourcesBuildPhase section */

/* Begin PBXSourcesBuildPhase section */
		2D0116201DD1FE8E00324B9C /* Sources */ = {
			isa = PBXSourcesBuildPhase;
			buildActionMask = 2147483647;
			files = (
				2D01162E1DD1FE8E00324B9C /* CityScreenScene.swift in Sources */,
				2DE706991E01610D00AAB222 /* Border.swift in Sources */,
				0072AD471E55CBB400524F85 /* Platform.swift in Sources */,
				00FA92D61DF81D70003B3CA8 /* Checkpoint.swift in Sources */,
				2D5E7CBC1DD46D2700B5116E /* Character.swift in Sources */,
				2D1A64471DFED54300433AEB /* MissionScreenScene.swift in Sources */,
				2D337F021DD9D10900F4AFE7 /* Responsive.swift in Sources */,
				2D0116301DD1FE8E00324B9C /* GameViewController.swift in Sources */,
				003116211E6844AE00B53250 /* Mission.swift in Sources */,
				2D5E7CBE1DD470CC00B5116E /* ControllerButtons.swift in Sources */,
				2DE7068A1E0099F600AAB222 /* Enemy.swift in Sources */,
				2D0116281DD1FE8E00324B9C /* AppDelegate.swift in Sources */,
				2D43553A1E0163A200ACDEAF /* MissionLevel.swift in Sources */,
				2D503F391DE5B6C3007B8EB8 /* GameOverScreenScene.swift in Sources */,
				2D503F3F1DE5BF03007B8EB8 /* GameSceneManager.swift in Sources */,
				2DE706911E0158B700AAB222 /* SoundEngine.swift in Sources */,
				2DB7F1031DD9E64000AACB19 /* CityLevel.swift in Sources */,
				2DEC6A711E30EAD600F89FF6 /* Clouds.swift in Sources */,
				2D4355451E018D7B00ACDEAF /* MenuButtons.swift in Sources */,
				2D503F351DE5AE06007B8EB8 /* Player.swift in Sources */,
				2D5E7CC31DD4820200B5116E /* Background.swift in Sources */,
				2DE706931E01595000AAB222 /* Buttons.swift in Sources */,
				0055497D1DE5AE3B00D5ED83 /* StartScreenScene.swift in Sources */,
				002CA0B31E659320001215B4 /* Popup.swift in Sources */,
				2D1A64491DFEDCB600433AEB /* Global.swift in Sources */,
				2DEC6A6F1E2E3EB100F89FF6 /* Bullet.swift in Sources */,
			);
			runOnlyForDeploymentPostprocessing = 0;
		};
		2D01163A1DD1FE8E00324B9C /* Sources */ = {
			isa = PBXSourcesBuildPhase;
			buildActionMask = 2147483647;
			files = (
				2D0116431DD1FE8E00324B9C /* codeKlojoTests.swift in Sources */,
			);
			runOnlyForDeploymentPostprocessing = 0;
		};
/* End PBXSourcesBuildPhase section */

/* Begin PBXTargetDependency section */
		2D0116401DD1FE8E00324B9C /* PBXTargetDependency */ = {
			isa = PBXTargetDependency;
			target = 2D0116231DD1FE8E00324B9C /* codeKlojo */;
			targetProxy = 2D01163F1DD1FE8E00324B9C /* PBXContainerItemProxy */;
		};
/* End PBXTargetDependency section */

/* Begin PBXVariantGroup section */
		2D0116361DD1FE8E00324B9C /* LaunchScreen.storyboard */ = {
			isa = PBXVariantGroup;
			children = (
				2D0116371DD1FE8E00324B9C /* Base */,
			);
			name = LaunchScreen.storyboard;
			path = .;
			sourceTree = "<group>";
		};
/* End PBXVariantGroup section */

/* Begin XCBuildConfiguration section */
		2D0116451DD1FE8E00324B9C /* Debug */ = {
			isa = XCBuildConfiguration;
			buildSettings = {
				ALWAYS_SEARCH_USER_PATHS = NO;
				CLANG_ANALYZER_NONNULL = YES;
				CLANG_CXX_LANGUAGE_STANDARD = "gnu++0x";
				CLANG_CXX_LIBRARY = "libc++";
				CLANG_ENABLE_MODULES = YES;
				CLANG_ENABLE_OBJC_ARC = YES;
				CLANG_WARN_BOOL_CONVERSION = YES;
				CLANG_WARN_CONSTANT_CONVERSION = YES;
				CLANG_WARN_DIRECT_OBJC_ISA_USAGE = YES_ERROR;
				CLANG_WARN_DOCUMENTATION_COMMENTS = YES;
				CLANG_WARN_EMPTY_BODY = YES;
				CLANG_WARN_ENUM_CONVERSION = YES;
				CLANG_WARN_INFINITE_RECURSION = YES;
				CLANG_WARN_INT_CONVERSION = YES;
				CLANG_WARN_OBJC_ROOT_CLASS = YES_ERROR;
				CLANG_WARN_SUSPICIOUS_MOVE = YES;
				CLANG_WARN_SUSPICIOUS_MOVES = YES;
				CLANG_WARN_UNREACHABLE_CODE = YES;
				CLANG_WARN__DUPLICATE_METHOD_MATCH = YES;
				"CODE_SIGN_IDENTITY[sdk=iphoneos*]" = "iPhone Developer";
				COPY_PHASE_STRIP = NO;
				DEBUG_INFORMATION_FORMAT = dwarf;
				ENABLE_STRICT_OBJC_MSGSEND = YES;
				ENABLE_TESTABILITY = YES;
				GCC_C_LANGUAGE_STANDARD = gnu99;
				GCC_DYNAMIC_NO_PIC = NO;
				GCC_NO_COMMON_BLOCKS = YES;
				GCC_OPTIMIZATION_LEVEL = 0;
				GCC_PREPROCESSOR_DEFINITIONS = (
					"DEBUG=1",
					"$(inherited)",
				);
				GCC_WARN_64_TO_32_BIT_CONVERSION = YES;
				GCC_WARN_ABOUT_RETURN_TYPE = YES_ERROR;
				GCC_WARN_UNDECLARED_SELECTOR = YES;
				GCC_WARN_UNINITIALIZED_AUTOS = YES_AGGRESSIVE;
				GCC_WARN_UNUSED_FUNCTION = YES;
				GCC_WARN_UNUSED_VARIABLE = YES;
				IPHONEOS_DEPLOYMENT_TARGET = 10.1;
				MTL_ENABLE_DEBUG_INFO = YES;
				ONLY_ACTIVE_ARCH = YES;
				SDKROOT = iphoneos;
				SWIFT_ACTIVE_COMPILATION_CONDITIONS = DEBUG;
				SWIFT_OPTIMIZATION_LEVEL = "-Onone";
				TARGETED_DEVICE_FAMILY = "1,2";
			};
			name = Debug;
		};
		2D0116461DD1FE8E00324B9C /* Release */ = {
			isa = XCBuildConfiguration;
			buildSettings = {
				ALWAYS_SEARCH_USER_PATHS = NO;
				CLANG_ANALYZER_NONNULL = YES;
				CLANG_CXX_LANGUAGE_STANDARD = "gnu++0x";
				CLANG_CXX_LIBRARY = "libc++";
				CLANG_ENABLE_MODULES = YES;
				CLANG_ENABLE_OBJC_ARC = YES;
				CLANG_WARN_BOOL_CONVERSION = YES;
				CLANG_WARN_CONSTANT_CONVERSION = YES;
				CLANG_WARN_DIRECT_OBJC_ISA_USAGE = YES_ERROR;
				CLANG_WARN_DOCUMENTATION_COMMENTS = YES;
				CLANG_WARN_EMPTY_BODY = YES;
				CLANG_WARN_ENUM_CONVERSION = YES;
				CLANG_WARN_INFINITE_RECURSION = YES;
				CLANG_WARN_INT_CONVERSION = YES;
				CLANG_WARN_OBJC_ROOT_CLASS = YES_ERROR;
				CLANG_WARN_SUSPICIOUS_MOVE = YES;
				CLANG_WARN_SUSPICIOUS_MOVES = YES;
				CLANG_WARN_UNREACHABLE_CODE = YES;
				CLANG_WARN__DUPLICATE_METHOD_MATCH = YES;
				"CODE_SIGN_IDENTITY[sdk=iphoneos*]" = "iPhone Developer";
				COPY_PHASE_STRIP = NO;
				DEBUG_INFORMATION_FORMAT = "dwarf-with-dsym";
				ENABLE_NS_ASSERTIONS = NO;
				ENABLE_STRICT_OBJC_MSGSEND = YES;
				GCC_C_LANGUAGE_STANDARD = gnu99;
				GCC_NO_COMMON_BLOCKS = YES;
				GCC_WARN_64_TO_32_BIT_CONVERSION = YES;
				GCC_WARN_ABOUT_RETURN_TYPE = YES_ERROR;
				GCC_WARN_UNDECLARED_SELECTOR = YES;
				GCC_WARN_UNINITIALIZED_AUTOS = YES_AGGRESSIVE;
				GCC_WARN_UNUSED_FUNCTION = YES;
				GCC_WARN_UNUSED_VARIABLE = YES;
				IPHONEOS_DEPLOYMENT_TARGET = 10.1;
				MTL_ENABLE_DEBUG_INFO = NO;
				SDKROOT = iphoneos;
				SWIFT_OPTIMIZATION_LEVEL = "-Owholemodule";
				TARGETED_DEVICE_FAMILY = "1,2";
				VALIDATE_PRODUCT = YES;
			};
			name = Release;
		};
		2D0116481DD1FE8E00324B9C /* Debug */ = {
			isa = XCBuildConfiguration;
			buildSettings = {
				ASSETCATALOG_COMPILER_APPICON_NAME = AppIcon;
				DEVELOPMENT_TEAM = "";
				INFOPLIST_FILE = codeKlojo/Info.plist;
				IPHONEOS_DEPLOYMENT_TARGET = 9.1;
				LD_RUNPATH_SEARCH_PATHS = "$(inherited) @executable_path/Frameworks";
				PRODUCT_BUNDLE_IDENTIFIER = nl.TimBartels.codeKlojo;
				PRODUCT_NAME = "$(TARGET_NAME)";
				SWIFT_VERSION = 3.0;
			};
			name = Debug;
		};
		2D0116491DD1FE8E00324B9C /* Release */ = {
			isa = XCBuildConfiguration;
			buildSettings = {
				ASSETCATALOG_COMPILER_APPICON_NAME = AppIcon;
				DEVELOPMENT_TEAM = "";
				INFOPLIST_FILE = codeKlojo/Info.plist;
				IPHONEOS_DEPLOYMENT_TARGET = 9.1;
				LD_RUNPATH_SEARCH_PATHS = "$(inherited) @executable_path/Frameworks";
				PRODUCT_BUNDLE_IDENTIFIER = nl.TimBartels.codeKlojo;
				PRODUCT_NAME = "$(TARGET_NAME)";
				SWIFT_VERSION = 3.0;
			};
			name = Release;
		};
		2D01164B1DD1FE8E00324B9C /* Debug */ = {
			isa = XCBuildConfiguration;
			buildSettings = {
				ALWAYS_EMBED_SWIFT_STANDARD_LIBRARIES = YES;
				BUNDLE_LOADER = "$(TEST_HOST)";
				INFOPLIST_FILE = codeKlojoTests/Info.plist;
				LD_RUNPATH_SEARCH_PATHS = "$(inherited) @executable_path/Frameworks @loader_path/Frameworks";
				PRODUCT_BUNDLE_IDENTIFIER = nl.TimBartels.codeKlojoTests;
				PRODUCT_NAME = "$(TARGET_NAME)";
				SWIFT_VERSION = 3.0;
				TEST_HOST = "$(BUILT_PRODUCTS_DIR)/codeKlojo.app/codeKlojo";
			};
			name = Debug;
		};
		2D01164C1DD1FE8E00324B9C /* Release */ = {
			isa = XCBuildConfiguration;
			buildSettings = {
				ALWAYS_EMBED_SWIFT_STANDARD_LIBRARIES = YES;
				BUNDLE_LOADER = "$(TEST_HOST)";
				INFOPLIST_FILE = codeKlojoTests/Info.plist;
				LD_RUNPATH_SEARCH_PATHS = "$(inherited) @executable_path/Frameworks @loader_path/Frameworks";
				PRODUCT_BUNDLE_IDENTIFIER = nl.TimBartels.codeKlojoTests;
				PRODUCT_NAME = "$(TARGET_NAME)";
				SWIFT_VERSION = 3.0;
				TEST_HOST = "$(BUILT_PRODUCTS_DIR)/codeKlojo.app/codeKlojo";
			};
			name = Release;
		};
/* End XCBuildConfiguration section */

/* Begin XCConfigurationList section */
		2D01161F1DD1FE8E00324B9C /* Build configuration list for PBXProject "codeKlojo" */ = {
			isa = XCConfigurationList;
			buildConfigurations = (
				2D0116451DD1FE8E00324B9C /* Debug */,
				2D0116461DD1FE8E00324B9C /* Release */,
			);
			defaultConfigurationIsVisible = 0;
			defaultConfigurationName = Release;
		};
		2D0116471DD1FE8E00324B9C /* Build configuration list for PBXNativeTarget "codeKlojo" */ = {
			isa = XCConfigurationList;
			buildConfigurations = (
				2D0116481DD1FE8E00324B9C /* Debug */,
				2D0116491DD1FE8E00324B9C /* Release */,
			);
			defaultConfigurationIsVisible = 0;
			defaultConfigurationName = Release;
		};
		2D01164A1DD1FE8E00324B9C /* Build configuration list for PBXNativeTarget "codeKlojoTests" */ = {
			isa = XCConfigurationList;
			buildConfigurations = (
				2D01164B1DD1FE8E00324B9C /* Debug */,
				2D01164C1DD1FE8E00324B9C /* Release */,
			);
			defaultConfigurationIsVisible = 0;
			defaultConfigurationName = Release;
		};
/* End XCConfigurationList section */
	};
	rootObject = 2D01161C1DD1FE8E00324B9C /* Project object */;
}
